
Microsoft Visual Studio Solution File, Format Version 12.00
# Visual Studio Version 16
VisualStudioVersion = 16.0.29806.167
MinimumVisualStudioVersion = 10.0.40219.1
Project("{9A19103F-16F7-4668-BE54-9A1E7A4F7556}") = "StickWar", "StickWar\StickWar.csproj", "{223C0F20-6770-42E3-9550-EAB86D0EA0D8}"
EndProject
Project("{FAE04EC0-301F-11D3-BF4B-00C04F79EFBC}") = "Unit Tests", "Unit Tests\Unit Tests.csproj", "{B5CE950A-4C80-4048-8F17-CBCB562D1C96}"
EndProject
Global
	GlobalSection(SolutionConfigurationPlatforms) = preSolution
		Debug|Any CPU = Debug|Any CPU
		Release|Any CPU = Release|Any CPU
	EndGlobalSection
	GlobalSection(ProjectConfigurationPlatforms) = postSolution
		{223C0F20-6770-42E3-9550-EAB86D0EA0D8}.Debug|Any CPU.ActiveCfg = Debug|Any CPU
		{223C0F20-6770-42E3-9550-EAB86D0EA0D8}.Debug|Any CPU.Build.0 = Debug|Any CPU
		{223C0F20-6770-42E3-9550-EAB86D0EA0D8}.Release|Any CPU.ActiveCfg = Release|Any CPU
		{223C0F20-6770-42E3-9550-EAB86D0EA0D8}.Release|Any CPU.Build.0 = Release|Any CPU
		{B5CE950A-4C80-4048-8F17-CBCB562D1C96}.Debug|Any CPU.ActiveCfg = Debug|Any CPU
		{B5CE950A-4C80-4048-8F17-CBCB562D1C96}.Debug|Any CPU.Build.0 = Debug|Any CPU
		{B5CE950A-4C80-4048-8F17-CBCB562D1C96}.Release|Any CPU.ActiveCfg = Release|Any CPU
		{B5CE950A-4C80-4048-8F17-CBCB562D1C96}.Release|Any CPU.Build.0 = Release|Any CPU
	EndGlobalSection
	GlobalSection(SolutionProperties) = preSolution
		HideSolutionNode = FALSE
	EndGlobalSection
	GlobalSection(ExtensibilityGlobals) = postSolution
		SolutionGuid = {33E5BE9A-66EC-4995-BAAF-156AC1AC5B2E}
	EndGlobalSection
EndGlobal
